
Microsoft Visual Studio Solution File, Format Version 12.00
# Visual Studio Version 17
VisualStudioVersion = 17.0.31903.59
MinimumVisualStudioVersion = 10.0.40219.1
Project("{9A19103F-16F7-4668-BE54-9A1E7A4F7556}") = "OrderWebService.Contracts", "OrderWebService.Contracts\OrderWebService.Contracts.csproj", "{DD4A87B1-0521-4478-9522-C5ED25A484ED}"
EndProject
Project("{9A19103F-16F7-4668-BE54-9A1E7A4F7556}") = "OrderWebService.Domain", "OrderWebService.Domain\OrderWebService.Domain.csproj", "{73248A57-8686-445F-ADEF-EDE7B5646871}"
EndProject
Project("{9A19103F-16F7-4668-BE54-9A1E7A4F7556}") = "OrderWebService.Api", "OrderWebService.Api\OrderWebService.Api.csproj", "{D89E4B8D-1AC3-4342-9DA8-3B93D3995E9D}"
EndProject
Project("{9A19103F-16F7-4668-BE54-9A1E7A4F7556}") = "OrderWebService.IntegrationTests", "OrderWebService.IntegrationTests\OrderWebService.IntegrationTests.csproj", "{AFE8E5E9-90AC-4BAA-B8F9-2355AE367FC9}"
EndProject
Project("{9A19103F-16F7-4668-BE54-9A1E7A4F7556}") = "OrderWebService.UnitTests", "OrderWebService.UnitTests\OrderWebService.UnitTests.csproj", "{31809897-9B2C-47F1-86E2-E287CB308C5B}"
EndProject
Global
	GlobalSection(SolutionConfigurationPlatforms) = preSolution
		Debug|Any CPU = Debug|Any CPU
		Release|Any CPU = Release|Any CPU
	EndGlobalSection
	GlobalSection(ProjectConfigurationPlatforms) = postSolution
		{DD4A87B1-0521-4478-9522-C5ED25A484ED}.Debug|Any CPU.ActiveCfg = Debug|Any CPU
		{DD4A87B1-0521-4478-9522-C5ED25A484ED}.Debug|Any CPU.Build.0 = Debug|Any CPU
		{DD4A87B1-0521-4478-9522-C5ED25A484ED}.Release|Any CPU.ActiveCfg = Release|Any CPU
		{DD4A87B1-0521-4478-9522-C5ED25A484ED}.Release|Any CPU.Build.0 = Release|Any CPU
		{73248A57-8686-445F-ADEF-EDE7B5646871}.Debug|Any CPU.ActiveCfg = Debug|Any CPU
		{73248A57-8686-445F-ADEF-EDE7B5646871}.Debug|Any CPU.Build.0 = Debug|Any CPU
		{73248A57-8686-445F-ADEF-EDE7B5646871}.Release|Any CPU.ActiveCfg = Release|Any CPU
		{73248A57-8686-445F-ADEF-EDE7B5646871}.Release|Any CPU.Build.0 = Release|Any CPU
		{D89E4B8D-1AC3-4342-9DA8-3B93D3995E9D}.Debug|Any CPU.ActiveCfg = Debug|Any CPU
		{D89E4B8D-1AC3-4342-9DA8-3B93D3995E9D}.Debug|Any CPU.Build.0 = Debug|Any CPU
		{D89E4B8D-1AC3-4342-9DA8-3B93D3995E9D}.Release|Any CPU.ActiveCfg = Release|Any CPU
		{D89E4B8D-1AC3-4342-9DA8-3B93D3995E9D}.Release|Any CPU.Build.0 = Release|Any CPU
		{AFE8E5E9-90AC-4BAA-B8F9-2355AE367FC9}.Debug|Any CPU.ActiveCfg = Debug|Any CPU
		{AFE8E5E9-90AC-4BAA-B8F9-2355AE367FC9}.Debug|Any CPU.Build.0 = Debug|Any CPU
		{AFE8E5E9-90AC-4BAA-B8F9-2355AE367FC9}.Release|Any CPU.ActiveCfg = Release|Any CPU
		{AFE8E5E9-90AC-4BAA-B8F9-2355AE367FC9}.Release|Any CPU.Build.0 = Release|Any CPU
		{31809897-9B2C-47F1-86E2-E287CB308C5B}.Debug|Any CPU.ActiveCfg = Debug|Any CPU
		{31809897-9B2C-47F1-86E2-E287CB308C5B}.Debug|Any CPU.Build.0 = Debug|Any CPU
		{31809897-9B2C-47F1-86E2-E287CB308C5B}.Release|Any CPU.ActiveCfg = Release|Any CPU
		{31809897-9B2C-47F1-86E2-E287CB308C5B}.Release|Any CPU.Build.0 = Release|Any CPU
	EndGlobalSection
	GlobalSection(SolutionProperties) = preSolution
		HideSolutionNode = FALSE
	EndGlobalSection
	GlobalSection(ExtensibilityGlobals) = postSolution
		SolutionGuid = {13159563-948D-483B-9550-C3C8542FEE5E}
	EndGlobalSection
EndGlobal
